
Microsoft Visual Studio Solution File, Format Version 12.00
# Visual Studio 14
VisualStudioVersion = 14.0.23107.0
MinimumVisualStudioVersion = 10.0.40219.1
Project("{8BC9CEB8-8B4A-11D0-8D11-00A0C91BC942}") = "KinectServer", "KinectServer\KinectServer.vcxproj", "{B12702AD-ABFB-343A-A199-8E24837244A3}"
	ProjectSection(ProjectDependencies) = postProject
		{E025252D-A5F3-412C-A9BB-FC9F0B41EA5A} = {E025252D-A5F3-412C-A9BB-FC9F0B41EA5A}
		{19D50E4D-8348-4BF1-9802-757D1A542EE3} = {19D50E4D-8348-4BF1-9802-757D1A542EE3}
		{FE1DD2BC-16F5-48CE-BBD4-9F9E043C5C14} = {FE1DD2BC-16F5-48CE-BBD4-9F9E043C5C14}
		{6D0C2AC8-96DE-4748-824C-EACB57028535} = {6D0C2AC8-96DE-4748-824C-EACB57028535}
	EndProjectSection
EndProject
Project("{8BC9CEB8-8B4A-11D0-8D11-00A0C91BC942}") = "KSService", "KSService\KSService.vcxproj", "{E025252D-A5F3-412C-A9BB-FC9F0B41EA5A}"
	ProjectSection(ProjectDependencies) = postProject
		{19D50E4D-8348-4BF1-9802-757D1A542EE3} = {19D50E4D-8348-4BF1-9802-757D1A542EE3}
		{FE1DD2BC-16F5-48CE-BBD4-9F9E043C5C14} = {FE1DD2BC-16F5-48CE-BBD4-9F9E043C5C14}
		{6D0C2AC8-96DE-4748-824C-EACB57028535} = {6D0C2AC8-96DE-4748-824C-EACB57028535}
	EndProjectSection
EndProject
Project("{8BC9CEB8-8B4A-11D0-8D11-00A0C91BC942}") = "KSUtils", "KSUtils\KSUtils.vcxproj", "{19D50E4D-8348-4BF1-9802-757D1A542EE3}"
EndProject
Project("{8BC9CEB8-8B4A-11D0-8D11-00A0C91BC942}") = "KSKinectDataService", "KSKinectDataService\KSKinectDataService.vcxproj", "{6D0C2AC8-96DE-4748-824C-EACB57028535}"
	ProjectSection(ProjectDependencies) = postProject
		{4CC66239-AAFC-4AAE-AA64-5DE2F849C07D} = {4CC66239-AAFC-4AAE-AA64-5DE2F849C07D}
		{19D50E4D-8348-4BF1-9802-757D1A542EE3} = {19D50E4D-8348-4BF1-9802-757D1A542EE3}
		{90B47470-1710-4CF2-AF1D-47C3DC04E989} = {90B47470-1710-4CF2-AF1D-47C3DC04E989}
		{FE1DD2BC-16F5-48CE-BBD4-9F9E043C5C14} = {FE1DD2BC-16F5-48CE-BBD4-9F9E043C5C14}
	EndProjectSection
EndProject
Project("{8BC9CEB8-8B4A-11D0-8D11-00A0C91BC942}") = "IKSKinectDataCapture", "IKSKinectDataCapture\IKSKinectDataCapture.vcxproj", "{4CC66239-AAFC-4AAE-AA64-5DE2F849C07D}"
	ProjectSection(ProjectDependencies) = postProject
		{19D50E4D-8348-4BF1-9802-757D1A542EE3} = {19D50E4D-8348-4BF1-9802-757D1A542EE3}
		{FE1DD2BC-16F5-48CE-BBD4-9F9E043C5C14} = {FE1DD2BC-16F5-48CE-BBD4-9F9E043C5C14}
	EndProjectSection
EndProject
Project("{8BC9CEB8-8B4A-11D0-8D11-00A0C91BC942}") = "KSLogService", "KSLogService\KSLogService.vcxproj", "{FE1DD2BC-16F5-48CE-BBD4-9F9E043C5C14}"
	ProjectSection(ProjectDependencies) = postProject
		{19D50E4D-8348-4BF1-9802-757D1A542EE3} = {19D50E4D-8348-4BF1-9802-757D1A542EE3}
	EndProjectSection
EndProject
Project("{8BC9CEB8-8B4A-11D0-8D11-00A0C91BC942}") = "IKSKineckH264Encode", "IKSKineckH264Encode\IKSKineckH264Encode.vcxproj", "{90B47470-1710-4CF2-AF1D-47C3DC04E989}"
EndProject
Global
	GlobalSection(SolutionConfigurationPlatforms) = preSolution
		Debug|x64 = Debug|x64
		Debug|x86 = Debug|x86
		Release|x64 = Release|x64
		Release|x86 = Release|x86
	EndGlobalSection
	GlobalSection(ProjectConfigurationPlatforms) = postSolution
		{B12702AD-ABFB-343A-A199-8E24837244A3}.Debug|x64.ActiveCfg = Debug|Win32
		{B12702AD-ABFB-343A-A199-8E24837244A3}.Debug|x86.ActiveCfg = Debug|Win32
		{B12702AD-ABFB-343A-A199-8E24837244A3}.Debug|x86.Build.0 = Debug|Win32
		{B12702AD-ABFB-343A-A199-8E24837244A3}.Release|x64.ActiveCfg = Release|Win32
		{B12702AD-ABFB-343A-A199-8E24837244A3}.Release|x86.ActiveCfg = Release|Win32
		{B12702AD-ABFB-343A-A199-8E24837244A3}.Release|x86.Build.0 = Release|Win32
		{E025252D-A5F3-412C-A9BB-FC9F0B41EA5A}.Debug|x64.ActiveCfg = Debug|x64
		{E025252D-A5F3-412C-A9BB-FC9F0B41EA5A}.Debug|x64.Build.0 = Debug|x64
		{E025252D-A5F3-412C-A9BB-FC9F0B41EA5A}.Debug|x86.ActiveCfg = Debug|Win32
		{E025252D-A5F3-412C-A9BB-FC9F0B41EA5A}.Debug|x86.Build.0 = Debug|Win32
		{E025252D-A5F3-412C-A9BB-FC9F0B41EA5A}.Release|x64.ActiveCfg = Release|x64
		{E025252D-A5F3-412C-A9BB-FC9F0B41EA5A}.Release|x64.Build.0 = Release|x64
		{E025252D-A5F3-412C-A9BB-FC9F0B41EA5A}.Release|x86.ActiveCfg = Release|Win32
		{E025252D-A5F3-412C-A9BB-FC9F0B41EA5A}.Release|x86.Build.0 = Release|Win32
		{19D50E4D-8348-4BF1-9802-757D1A542EE3}.Debug|x64.ActiveCfg = Debug|x64
		{19D50E4D-8348-4BF1-9802-757D1A542EE3}.Debug|x64.Build.0 = Debug|x64
		{19D50E4D-8348-4BF1-9802-757D1A542EE3}.Debug|x86.ActiveCfg = Debug|Win32
		{19D50E4D-8348-4BF1-9802-757D1A542EE3}.Debug|x86.Build.0 = Debug|Win32
		{19D50E4D-8348-4BF1-9802-757D1A542EE3}.Release|x64.ActiveCfg = Release|x64
		{19D50E4D-8348-4BF1-9802-757D1A542EE3}.Release|x64.Build.0 = Release|x64
		{19D50E4D-8348-4BF1-9802-757D1A542EE3}.Release|x86.ActiveCfg = Release|Win32
		{19D50E4D-8348-4BF1-9802-757D1A542EE3}.Release|x86.Build.0 = Release|Win32
		{6D0C2AC8-96DE-4748-824C-EACB57028535}.Debug|x64.ActiveCfg = Debug|x64
		{6D0C2AC8-96DE-4748-824C-EACB57028535}.Debug|x64.Build.0 = Debug|x64
		{6D0C2AC8-96DE-4748-824C-EACB57028535}.Debug|x86.ActiveCfg = Debug|Win32
		{6D0C2AC8-96DE-4748-824C-EACB57028535}.Debug|x86.Build.0 = Debug|Win32
		{6D0C2AC8-96DE-4748-824C-EACB57028535}.Release|x64.ActiveCfg = Release|x64
		{6D0C2AC8-96DE-4748-824C-EACB57028535}.Release|x64.Build.0 = Release|x64
		{6D0C2AC8-96DE-4748-824C-EACB57028535}.Release|x86.ActiveCfg = Release|Win32
		{6D0C2AC8-96DE-4748-824C-EACB57028535}.Release|x86.Build.0 = Release|Win32
		{4CC66239-AAFC-4AAE-AA64-5DE2F849C07D}.Debug|x64.ActiveCfg = Debug|x64
		{4CC66239-AAFC-4AAE-AA64-5DE2F849C07D}.Debug|x64.Build.0 = Debug|x64
		{4CC66239-AAFC-4AAE-AA64-5DE2F849C07D}.Debug|x86.ActiveCfg = Debug|Win32
		{4CC66239-AAFC-4AAE-AA64-5DE2F849C07D}.Debug|x86.Build.0 = Debug|Win32
		{4CC66239-AAFC-4AAE-AA64-5DE2F849C07D}.Release|x64.ActiveCfg = Release|x64
		{4CC66239-AAFC-4AAE-AA64-5DE2F849C07D}.Release|x64.Build.0 = Release|x64
		{4CC66239-AAFC-4AAE-AA64-5DE2F849C07D}.Release|x86.ActiveCfg = Release|Win32
		{4CC66239-AAFC-4AAE-AA64-5DE2F849C07D}.Release|x86.Build.0 = Release|Win32
		{FE1DD2BC-16F5-48CE-BBD4-9F9E043C5C14}.Debug|x64.ActiveCfg = Debug|x64
		{FE1DD2BC-16F5-48CE-BBD4-9F9E043C5C14}.Debug|x64.Build.0 = Debug|x64
		{FE1DD2BC-16F5-48CE-BBD4-9F9E043C5C14}.Debug|x86.ActiveCfg = Debug|Win32
		{FE1DD2BC-16F5-48CE-BBD4-9F9E043C5C14}.Debug|x86.Build.0 = Debug|Win32
		{FE1DD2BC-16F5-48CE-BBD4-9F9E043C5C14}.Release|x64.ActiveCfg = Release|x64
		{FE1DD2BC-16F5-48CE-BBD4-9F9E043C5C14}.Release|x64.Build.0 = Release|x64
		{FE1DD2BC-16F5-48CE-BBD4-9F9E043C5C14}.Release|x86.ActiveCfg = Release|Win32
		{FE1DD2BC-16F5-48CE-BBD4-9F9E043C5C14}.Release|x86.Build.0 = Release|Win32
		{90B47470-1710-4CF2-AF1D-47C3DC04E989}.Debug|x64.ActiveCfg = Debug|x64
		{90B47470-1710-4CF2-AF1D-47C3DC04E989}.Debug|x64.Build.0 = Debug|x64
		{90B47470-1710-4CF2-AF1D-47C3DC04E989}.Debug|x86.ActiveCfg = Debug|Win32
		{90B47470-1710-4CF2-AF1D-47C3DC04E989}.Debug|x86.Build.0 = Debug|Win32
		{90B47470-1710-4CF2-AF1D-47C3DC04E989}.Release|x64.ActiveCfg = Release|x64
		{90B47470-1710-4CF2-AF1D-47C3DC04E989}.Release|x64.Build.0 = Release|x64
		{90B47470-1710-4CF2-AF1D-47C3DC04E989}.Release|x86.ActiveCfg = Release|Win32
		{90B47470-1710-4CF2-AF1D-47C3DC04E989}.Release|x86.Build.0 = Release|Win32
	EndGlobalSection
	GlobalSection(SolutionProperties) = preSolution
		HideSolutionNode = FALSE
	EndGlobalSection
	GlobalSection(ExtensibilityGlobals) = postSolution
		Qt5Version = $(DefaultQtVersion)
	EndGlobalSection
EndGlobal
